
Microsoft Visual Studio Solution File, Format Version 12.00
# Visual Studio Version 17
VisualStudioVersion = 17.8.34316.72
MinimumVisualStudioVersion = 10.0.40219.1
Project("{FAE04EC0-301F-11D3-BF4B-00C04F79EFBC}") = "Sushantawebapp", "Sushantawebapp\Sushantawebapp.csproj", "{E9483AE3-9980-43A5-974B-4552A159A664}"
EndProject
Global
	GlobalSection(SolutionConfigurationPlatforms) = preSolution
		Debug|Any CPU = Debug|Any CPU
		Release|Any CPU = Release|Any CPU
	EndGlobalSection
	GlobalSection(ProjectConfigurationPlatforms) = postSolution
		{E9483AE3-9980-43A5-974B-4552A159A664}.Debug|Any CPU.ActiveCfg = Debug|Any CPU
		{E9483AE3-9980-43A5-974B-4552A159A664}.Debug|Any CPU.Build.0 = Debug|Any CPU
		{E9483AE3-9980-43A5-974B-4552A159A664}.Release|Any CPU.ActiveCfg = Release|Any CPU
		{E9483AE3-9980-43A5-974B-4552A159A664}.Release|Any CPU.Build.0 = Release|Any CPU
	EndGlobalSection
	GlobalSection(SolutionProperties) = preSolution
		HideSolutionNode = FALSE
	EndGlobalSection
	GlobalSection(ExtensibilityGlobals) = postSolution
		SolutionGuid = {2EFBB7AD-45D3-4AB4-8250-F1E01E3919B5}
	EndGlobalSection
EndGlobal
